
Microsoft Visual Studio Solution File, Format Version 12.00
# Visual Studio 15
VisualStudioVersion = 15.0.27703.2035
MinimumVisualStudioVersion = 10.0.40219.1
Project("{A0786B88-2ADB-4C21-ABE8-AA2D79766269}") = "TP03", "..\..\..\..\..\Users\yv066840\Desktop\TP03\TP03\TP03\TP03.phpproj", "{E5DCF786-8276-4345-8758-45EA47440397}"
EndProject
Global
	GlobalSection(SolutionConfigurationPlatforms) = preSolution
		Debug|Any CPU = Debug|Any CPU
		Release|Any CPU = Release|Any CPU
	EndGlobalSection
	GlobalSection(ProjectConfigurationPlatforms) = postSolution
		{E5DCF786-8276-4345-8758-45EA47440397}.Debug|Any CPU.ActiveCfg = Debug|Any CPU
		{E5DCF786-8276-4345-8758-45EA47440397}.Release|Any CPU.ActiveCfg = Release|Any CPU
	EndGlobalSection
	GlobalSection(SolutionProperties) = preSolution
		HideSolutionNode = FALSE
	EndGlobalSection
	GlobalSection(ExtensibilityGlobals) = postSolution
		SolutionGuid = {F8527CE6-8C2F-49EA-A7AA-04E82C0F6D85}
	EndGlobalSection
EndGlobal
